PODS:
  - Alamofire (3.0.1)
  - ECSlidingViewController (2.0.3)
  - PureLayout (3.0.2)
  - SwiftyJSON (2.4.0)

DEPENDENCIES:
  - Alamofire (~> 3.0.0)
  - ECSlidingViewController (= 2.0.3)
  - PureLayout
  - SwiftyJSON (~> 2.0)

SPEC CHECKSUMS:
  Alamofire: 2457e1b2e6c46bb05c3a598c542b7bfd08893775
  ECSlidingViewController: 6485c14f23b4487e9946535421ca8f111f86cc53
  PureLayout: 4d550abe49a94f24c2808b9b95db9131685fe4cd
  SwiftyJSON: 96918c1bf505efa50c4f72957018dd3452090c9c

COCOAPODS: 0.39.0
