PODS:
  - Alamofire (3.0.1)
  - PureLayout (3.0.2)
  - SimpleAnimation (0.2.0)
  - Socket.IO-Client-Swift (7.0.3)
  - SwiftyJSON (2.4.0)

DEPENDENCIES:
  - Alamofire (~> 3.0.0)
  - PureLayout
  - SimpleAnimation (= 0.2.0)
  - Socket.IO-Client-Swift (~> 7.0)
  - SwiftyJSON (~> 2.4.0)

SPEC CHECKSUMS:
  Alamofire: 2457e1b2e6c46bb05c3a598c542b7bfd08893775
  PureLayout: 4d550abe49a94f24c2808b9b95db9131685fe4cd
  SimpleAnimation: e225b660010ea29d72d4889daebf07a3f4c6607f
  Socket.IO-Client-Swift: cca640f81f8856278c8bcd56ea42d1d070a011b6
  SwiftyJSON: 96918c1bf505efa50c4f72957018dd3452090c9c

PODFILE CHECKSUM: 9b9ab2c61c6b6cbbc6689fdfc366c86220ec9483

COCOAPODS: 1.2.0
