// !$*UTF8*$!
{
	archiveVersion = 1;
	classes = {
	};
	objectVersion = 46;
	objects = {

/* Begin PBXBuildFile section */
		04C99D8A54BA6789EFDE348D /* Pods_SenYo.framework in Frameworks */ = {isa = PBXBuildFile; fileRef = EE7AB194F0416A0B3DCDA0EF /* Pods_SenYo.framework */; };
		A70131441D958B9600AC0AF0 /* SimpleAnimation.framework in Frameworks */ = {isa = PBXBuildFile; fileRef = A70131431D958B9600AC0AF0 /* SimpleAnimation.framework */; };
		A723212C1D8F8BD60006E24C /* ImgeController.xcassets in Resources */ = {isa = PBXBuildFile; fileRef = A723212B1D8F8BD60006E24C /* ImgeController.xcassets */; };
		A733B0211D8E6A8300CDCB0F /* AccountMakeView.swift in Sources */ = {isa = PBXBuildFile; fileRef = A733B0201D8E6A8300CDCB0F /* AccountMakeView.swift */; };
		A733B0231D8E6C8200CDCB0F /* AccountMakeViewController.swift in Sources */ = {isa = PBXBuildFile; fileRef = A733B0221D8E6C8200CDCB0F /* AccountMakeViewController.swift */; };
		A768FAA31D76B08A004802A5 /* SettingViewController.swift in Sources */ = {isa = PBXBuildFile; fileRef = A768FAA21D76B08A004802A5 /* SettingViewController.swift */; };
		A768FAA51D76B131004802A5 /* SettingView.swift in Sources */ = {isa = PBXBuildFile; fileRef = A768FAA41D76B131004802A5 /* SettingView.swift */; };
		A768FAA71D7963DD004802A5 /* NewsView.swift in Sources */ = {isa = PBXBuildFile; fileRef = A768FAA61D7963DD004802A5 /* NewsView.swift */; };
		A768FAA91D79661A004802A5 /* NewsViewController.swift in Sources */ = {isa = PBXBuildFile; fileRef = A768FAA81D79661A004802A5 /* NewsViewController.swift */; };
		A768FAAB1D7B0DD8004802A5 /* MakeGroupView.swift in Sources */ = {isa = PBXBuildFile; fileRef = A768FAAA1D7B0DD8004802A5 /* MakeGroupView.swift */; };
		A768FAAD1D7B0F91004802A5 /* MakeGroupViewController.swift in Sources */ = {isa = PBXBuildFile; fileRef = A768FAAC1D7B0F91004802A5 /* MakeGroupViewController.swift */; };
		A768FAB11D7D37AE004802A5 /* MemberView.swift in Sources */ = {isa = PBXBuildFile; fileRef = A768FAB01D7D37AE004802A5 /* MemberView.swift */; };
		A768FAB31D7D3E23004802A5 /* MemberViewController.swift in Sources */ = {isa = PBXBuildFile; fileRef = A768FAB21D7D3E23004802A5 /* MemberViewController.swift */; };
		A7854DFE1D96F473001B8AED /* MenuView.swift in Sources */ = {isa = PBXBuildFile; fileRef = A7854DFD1D96F473001B8AED /* MenuView.swift */; };
		A7854E011D970593001B8AED /* GroupView.swift in Sources */ = {isa = PBXBuildFile; fileRef = A7854E001D970593001B8AED /* GroupView.swift */; };
		A7854E151D975094001B8AED /* ECSlidingViewController.framework in Frameworks */ = {isa = PBXBuildFile; fileRef = A7854E141D975094001B8AED /* ECSlidingViewController.framework */; };
		A7A4F8021D8BEDC4006EB1BE /* Aspect.swift in Sources */ = {isa = PBXBuildFile; fileRef = A7A4F8011D8BEDC4006EB1BE /* Aspect.swift */; };
		A7E05A521D9116C2007CD4B6 /* SwiftyJSON.framework in Frameworks */ = {isa = PBXBuildFile; fileRef = A7E05A511D9116C2007CD4B6 /* SwiftyJSON.framework */; };
		A7E05A541D9116CA007CD4B6 /* Alamofire.framework in Frameworks */ = {isa = PBXBuildFile; fileRef = A7E05A531D9116CA007CD4B6 /* Alamofire.framework */; };
		A7E05A561D9116D6007CD4B6 /* PureLayout.framework in Frameworks */ = {isa = PBXBuildFile; fileRef = A7E05A551D9116D6007CD4B6 /* PureLayout.framework */; };
		CD0F77DE1D4DD06A001BC4C9 /* AppDelegate.swift in Sources */ = {isa = PBXBuildFile; fileRef = CD0F77DD1D4DD06A001BC4C9 /* AppDelegate.swift */; };
		CD0F77E01D4DD06A001BC4C9 /* ViewController.swift in Sources */ = {isa = PBXBuildFile; fileRef = CD0F77DF1D4DD06A001BC4C9 /* ViewController.swift */; };
		CD0F77E61D4DD06A001BC4C9 /* SenYo.xcdatamodeld in Sources */ = {isa = PBXBuildFile; fileRef = CD0F77E41D4DD06A001BC4C9 /* SenYo.xcdatamodeld */; };
		CD0F77E81D4DD06A001BC4C9 /* Assets.xcassets in Resources */ = {isa = PBXBuildFile; fileRef = CD0F77E71D4DD06A001BC4C9 /* Assets.xcassets */; };
		CD0F77EB1D4DD06A001BC4C9 /* LaunchScreen.storyboard in Resources */ = {isa = PBXBuildFile; fileRef = CD0F77E91D4DD06A001BC4C9 /* LaunchScreen.storyboard */; };
		CDA1F3411D717C0B001C4336 /* LoginView.swift in Sources */ = {isa = PBXBuildFile; fileRef = CDA1F3401D717C0B001C4336 /* LoginView.swift */; };
		CDA1F3451D717D76001C4336 /* LoginViewController.swift in Sources */ = {isa = PBXBuildFile; fileRef = CDA1F3441D717D76001C4336 /* LoginViewController.swift */; };
		CDA1F3471D75DB5A001C4336 /* HomeViewController.swift in Sources */ = {isa = PBXBuildFile; fileRef = CDA1F3461D75DB5A001C4336 /* HomeViewController.swift */; };
		CDA1F3491D75DB8D001C4336 /* HomeView.swift in Sources */ = {isa = PBXBuildFile; fileRef = CDA1F3481D75DB8D001C4336 /* HomeView.swift */; };
		CDA1F34B1D75DDD9001C4336 /* NoticeViewController.swift in Sources */ = {isa = PBXBuildFile; fileRef = CDA1F34A1D75DDD9001C4336 /* NoticeViewController.swift */; };
		CDA1F34D1D75DE1B001C4336 /* NoticeView.swift in Sources */ = {isa = PBXBuildFile; fileRef = CDA1F34C1D75DE1B001C4336 /* NoticeView.swift */; };
		CDFA3E621D96EEE1007C5173 /* MyModel.swift in Sources */ = {isa = PBXBuildFile; fileRef = CDFA3E611D96EEE1007C5173 /* MyModel.swift */; };
		CDFA3E661D96EF38007C5173 /* UserModel.swift in Sources */ = {isa = PBXBuildFile; fileRef = CDFA3E651D96EF38007C5173 /* UserModel.swift */; };
		CDFA3E711D97755A007C5173 /* GroupMenuViewController.swift in Sources */ = {isa = PBXBuildFile; fileRef = CDFA3E701D97755A007C5173 /* GroupMenuViewController.swift */; };
		CDFA3E731D9775C0007C5173 /* GroupMenuView.swift in Sources */ = {isa = PBXBuildFile; fileRef = CDFA3E721D9775C0007C5173 /* GroupMenuView.swift */; };
/* End PBXBuildFile section */

/* Begin PBXFileReference section */
		5FBEE8877B9BCCB3F31B11AB /* Pods-SenYo.debug.xcconfig */ = {isa = PBXFileReference; includeInIndex = 1; lastKnownFileType = text.xcconfig; name = "Pods-SenYo.debug.xcconfig"; path = "Pods/Target Support Files/Pods-SenYo/Pods-SenYo.debug.xcconfig"; sourceTree = "<group>"; };
		A70131431D958B9600AC0AF0 /* SimpleAnimation.framework */ = {isa = PBXFileReference; lastKnownFileType = wrapper.framework; name = SimpleAnimation.framework; path = "Pods/../build/Debug-iphoneos/SimpleAnimation.framework"; sourceTree = "<group>"; };
		A723212B1D8F8BD60006E24C /* ImgeController.xcassets */ = {isa = PBXFileReference; lastKnownFileType = folder.assetcatalog; path = ImgeController.xcassets; sourceTree = "<group>"; };
		A72ACD341D957B1700CDEB96 /* SimpleAnimation.framework */ = {isa = PBXFileReference; lastKnownFileType = wrapper.framework; name = SimpleAnimation.framework; path = "Pods/../build/Debug-iphoneos/SimpleAnimation.framework"; sourceTree = "<group>"; };
		A733B0201D8E6A8300CDCB0F /* AccountMakeView.swift */ = {isa = PBXFileReference; fileEncoding = 4; lastKnownFileType = sourcecode.swift; path = AccountMakeView.swift; sourceTree = "<group>"; };
		A733B0221D8E6C8200CDCB0F /* AccountMakeViewController.swift */ = {isa = PBXFileReference; fileEncoding = 4; lastKnownFileType = sourcecode.swift; path = AccountMakeViewController.swift; sourceTree = "<group>"; };
		A768FAA21D76B08A004802A5 /* SettingViewController.swift */ = {isa = PBXFileReference; fileEncoding = 4; lastKnownFileType = sourcecode.swift; path = SettingViewController.swift; sourceTree = "<group>"; };
		A768FAA41D76B131004802A5 /* SettingView.swift */ = {isa = PBXFileReference; fileEncoding = 4; lastKnownFileType = sourcecode.swift; path = SettingView.swift; sourceTree = "<group>"; };
		A768FAA61D7963DD004802A5 /* NewsView.swift */ = {isa = PBXFileReference; fileEncoding = 4; lastKnownFileType = sourcecode.swift; path = NewsView.swift; sourceTree = "<group>"; };
		A768FAA81D79661A004802A5 /* NewsViewController.swift */ = {isa = PBXFileReference; fileEncoding = 4; lastKnownFileType = sourcecode.swift; path = NewsViewController.swift; sourceTree = "<group>"; };
		A768FAAA1D7B0DD8004802A5 /* MakeGroupView.swift */ = {isa = PBXFileReference; fileEncoding = 4; lastKnownFileType = sourcecode.swift; path = MakeGroupView.swift; sourceTree = "<group>"; };
		A768FAAC1D7B0F91004802A5 /* MakeGroupViewController.swift */ = {isa = PBXFileReference; fileEncoding = 4; lastKnownFileType = sourcecode.swift; path = MakeGroupViewController.swift; sourceTree = "<group>"; };
		A768FAB01D7D37AE004802A5 /* MemberView.swift */ = {isa = PBXFileReference; fileEncoding = 4; lastKnownFileType = sourcecode.swift; path = MemberView.swift; sourceTree = "<group>"; };
		A768FAB21D7D3E23004802A5 /* MemberViewController.swift */ = {isa = PBXFileReference; fileEncoding = 4; lastKnownFileType = sourcecode.swift; path = MemberViewController.swift; sourceTree = "<group>"; };
		A7854DFD1D96F473001B8AED /* MenuView.swift */ = {isa = PBXFileReference; fileEncoding = 4; lastKnownFileType = sourcecode.swift; path = MenuView.swift; sourceTree = "<group>"; };
		A7854E001D970593001B8AED /* GroupView.swift */ = {isa = PBXFileReference; fileEncoding = 4; lastKnownFileType = sourcecode.swift; path = GroupView.swift; sourceTree = "<group>"; };
		A7854E141D975094001B8AED /* ECSlidingViewController.framework */ = {isa = PBXFileReference; lastKnownFileType = wrapper.framework; name = ECSlidingViewController.framework; path = "Pods/../build/Debug-iphoneos/ECSlidingViewController.framework"; sourceTree = "<group>"; };
		A7A4F8011D8BEDC4006EB1BE /* Aspect.swift */ = {isa = PBXFileReference; fileEncoding = 4; lastKnownFileType = sourcecode.swift; path = Aspect.swift; sourceTree = "<group>"; };
		A7E05A511D9116C2007CD4B6 /* SwiftyJSON.framework */ = {isa = PBXFileReference; lastKnownFileType = wrapper.framework; name = SwiftyJSON.framework; path = "Pods/../build/Debug-iphoneos/SwiftyJSON.framework"; sourceTree = "<group>"; };
		A7E05A531D9116CA007CD4B6 /* Alamofire.framework */ = {isa = PBXFileReference; lastKnownFileType = wrapper.framework; name = Alamofire.framework; path = "Pods/../build/Debug-iphoneos/Alamofire.framework"; sourceTree = "<group>"; };
		A7E05A551D9116D6007CD4B6 /* PureLayout.framework */ = {isa = PBXFileReference; lastKnownFileType = wrapper.framework; name = PureLayout.framework; path = "Pods/../build/Debug-iphoneos/PureLayout.framework"; sourceTree = "<group>"; };
		CD0F77DA1D4DD069001BC4C9 /* SenYo.app */ = {isa = PBXFileReference; explicitFileType = wrapper.application; includeInIndex = 0; path = SenYo.app; sourceTree = BUILT_PRODUCTS_DIR; };
		CD0F77DD1D4DD06A001BC4C9 /* AppDelegate.swift */ = {isa = PBXFileReference; lastKnownFileType = sourcecode.swift; path = AppDelegate.swift; sourceTree = "<group>"; };
		CD0F77DF1D4DD06A001BC4C9 /* ViewController.swift */ = {isa = PBXFileReference; lastKnownFileType = sourcecode.swift; path = ViewController.swift; sourceTree = "<group>"; };
		CD0F77E51D4DD06A001BC4C9 /* SenYo.xcdatamodel */ = {isa = PBXFileReference; lastKnownFileType = wrapper.xcdatamodel; path = SenYo.xcdatamodel; sourceTree = "<group>"; };
		CD0F77E71D4DD06A001BC4C9 /* Assets.xcassets */ = {isa = PBXFileReference; lastKnownFileType = folder.assetcatalog; path = Assets.xcassets; sourceTree = "<group>"; };
		CD0F77EA1D4DD06A001BC4C9 /* Base */ = {isa = PBXFileReference; lastKnownFileType = file.storyboard; name = Base; path = Base.lproj/LaunchScreen.storyboard; sourceTree = "<group>"; };
		CD0F77EC1D4DD06A001BC4C9 /* Info.plist */ = {isa = PBXFileReference; lastKnownFileType = text.plist.xml; path = Info.plist; sourceTree = "<group>"; };
		CDA1F3401D717C0B001C4336 /* LoginView.swift */ = {isa = PBXFileReference; fileEncoding = 4; lastKnownFileType = sourcecode.swift; path = LoginView.swift; sourceTree = "<group>"; };
		CDA1F3441D717D76001C4336 /* LoginViewController.swift */ = {isa = PBXFileReference; fileEncoding = 4; lastKnownFileType = sourcecode.swift; path = LoginViewController.swift; sourceTree = "<group>"; };
		CDA1F3461D75DB5A001C4336 /* HomeViewController.swift */ = {isa = PBXFileReference; fileEncoding = 4; lastKnownFileType = sourcecode.swift; path = HomeViewController.swift; sourceTree = "<group>"; };
		CDA1F3481D75DB8D001C4336 /* HomeView.swift */ = {isa = PBXFileReference; fileEncoding = 4; lastKnownFileType = sourcecode.swift; path = HomeView.swift; sourceTree = "<group>"; };
		CDA1F34A1D75DDD9001C4336 /* NoticeViewController.swift */ = {isa = PBXFileReference; fileEncoding = 4; lastKnownFileType = sourcecode.swift; path = NoticeViewController.swift; sourceTree = "<group>"; };
		CDA1F34C1D75DE1B001C4336 /* NoticeView.swift */ = {isa = PBXFileReference; fileEncoding = 4; lastKnownFileType = sourcecode.swift; path = NoticeView.swift; sourceTree = "<group>"; };
		CDFA3E611D96EEE1007C5173 /* MyModel.swift */ = {isa = PBXFileReference; fileEncoding = 4; lastKnownFileType = sourcecode.swift; path = MyModel.swift; sourceTree = "<group>"; };
		CDFA3E651D96EF38007C5173 /* UserModel.swift */ = {isa = PBXFileReference; fileEncoding = 4; lastKnownFileType = sourcecode.swift; path = UserModel.swift; sourceTree = "<group>"; };
		CDFA3E701D97755A007C5173 /* GroupMenuViewController.swift */ = {isa = PBXFileReference; fileEncoding = 4; lastKnownFileType = sourcecode.swift; path = GroupMenuViewController.swift; sourceTree = "<group>"; };
		CDFA3E721D9775C0007C5173 /* GroupMenuView.swift */ = {isa = PBXFileReference; fileEncoding = 4; lastKnownFileType = sourcecode.swift; path = GroupMenuView.swift; sourceTree = "<group>"; };
		EC8D4BEB86571599F0980A33 /* Pods-SenYo.release.xcconfig */ = {isa = PBXFileReference; includeInIndex = 1; lastKnownFileType = text.xcconfig; name = "Pods-SenYo.release.xcconfig"; path = "Pods/Target Support Files/Pods-SenYo/Pods-SenYo.release.xcconfig"; sourceTree = "<group>"; };
		EE7AB194F0416A0B3DCDA0EF /* Pods_SenYo.framework */ = {isa = PBXFileReference; explicitFileType = wrapper.framework; includeInIndex = 0; path = Pods_SenYo.framework; sourceTree = BUILT_PRODUCTS_DIR; };
/* End PBXFileReference section */

/* Begin PBXFrameworksBuildPhase section */
		CD0F77D71D4DD069001BC4C9 /* Frameworks */ = {
			isa = PBXFrameworksBuildPhase;
			buildActionMask = 2147483647;
			files = (
				A7854E151D975094001B8AED /* ECSlidingViewController.framework in Frameworks */,
				A70131441D958B9600AC0AF0 /* SimpleAnimation.framework in Frameworks */,
				A7E05A561D9116D6007CD4B6 /* PureLayout.framework in Frameworks */,
				A7E05A541D9116CA007CD4B6 /* Alamofire.framework in Frameworks */,
				A7E05A521D9116C2007CD4B6 /* SwiftyJSON.framework in Frameworks */,
				04C99D8A54BA6789EFDE348D /* Pods_SenYo.framework in Frameworks */,
			);
			runOnlyForDeploymentPostprocessing = 0;
		};
/* End PBXFrameworksBuildPhase section */

/* Begin PBXGroup section */
		A70BE6EE1D6AF60C003E3341 /* View */ = {
			isa = PBXGroup;
			children = (
				A7854DFF1D970536001B8AED /* HomeViewScreenViews */,
				CDA1F3401D717C0B001C4336 /* LoginView.swift */,
				CDA1F34C1D75DE1B001C4336 /* NoticeView.swift */,
				A768FAA41D76B131004802A5 /* SettingView.swift */,
				A768FAA61D7963DD004802A5 /* NewsView.swift */,
				A733B0201D8E6A8300CDCB0F /* AccountMakeView.swift */,
				CDFA3E721D9775C0007C5173 /* GroupMenuView.swift */,
				A7854DFC1D96C5E0001B8AED /* NewGroupMakeScreenView  */,
			);
			name = View;
			sourceTree = "<group>";
		};
		A70BE6EF1D6AF616003E3341 /* Controller */ = {
			isa = PBXGroup;
			children = (
				CD0F77DF1D4DD06A001BC4C9 /* ViewController.swift */,
				CDA1F3441D717D76001C4336 /* LoginViewController.swift */,
				CDA1F3461D75DB5A001C4336 /* HomeViewController.swift */,
				CDA1F34A1D75DDD9001C4336 /* NoticeViewController.swift */,
				A768FAA21D76B08A004802A5 /* SettingViewController.swift */,
				A768FAA81D79661A004802A5 /* NewsViewController.swift */,
				A768FAAC1D7B0F91004802A5 /* MakeGroupViewController.swift */,
				A768FAB21D7D3E23004802A5 /* MemberViewController.swift */,
				A733B0221D8E6C8200CDCB0F /* AccountMakeViewController.swift */,
				CDFA3E701D97755A007C5173 /* GroupMenuViewController.swift */,
			);
			name = Controller;
			sourceTree = "<group>";
		};
		A70BE6F01D6AF66D003E3341 /* Model */ = {
			isa = PBXGroup;
			children = (
				CDFA3E611D96EEE1007C5173 /* MyModel.swift */,
				CDFA3E651D96EF38007C5173 /* UserModel.swift */,
			);
			name = Model;
			sourceTree = "<group>";
		};
		A7854DFC1D96C5E0001B8AED /* NewGroupMakeScreenView  */ = {
			isa = PBXGroup;
			children = (
				A768FAAA1D7B0DD8004802A5 /* MakeGroupView.swift */,
				A768FAB01D7D37AE004802A5 /* MemberView.swift */,
			);
			name = "NewGroupMakeScreenView ";
			sourceTree = "<group>";
		};
		A7854DFF1D970536001B8AED /* HomeViewScreenViews */ = {
			isa = PBXGroup;
			children = (
				CDA1F3481D75DB8D001C4336 /* HomeView.swift */,
				A7854DFD1D96F473001B8AED /* MenuView.swift */,
				A7854E001D970593001B8AED /* GroupView.swift */,
			);
			name = HomeViewScreenViews;
			sourceTree = "<group>";
		};
		CD0F77D11D4DD069001BC4C9 = {
			isa = PBXGroup;
			children = (
				CD0F77DC1D4DD069001BC4C9 /* SenYo */,
				CD0F77DB1D4DD069001BC4C9 /* Products */,
				D63A8BC6C16BF0CB739B2DAC /* Frameworks */,
				E47DE8B065CE4A42EDEC3000 /* Pods */,
			);
			sourceTree = "<group>";
		};
		CD0F77DB1D4DD069001BC4C9 /* Products */ = {
			isa = PBXGroup;
			children = (
				CD0F77DA1D4DD069001BC4C9 /* SenYo.app */,
			);
			name = Products;
			sourceTree = "<group>";
		};
		CD0F77DC1D4DD069001BC4C9 /* SenYo */ = {
			isa = PBXGroup;
			children = (
				CD0F77DD1D4DD06A001BC4C9 /* AppDelegate.swift */,
				A7A4F8011D8BEDC4006EB1BE /* Aspect.swift */,
				A70BE6F01D6AF66D003E3341 /* Model */,
				A70BE6EF1D6AF616003E3341 /* Controller */,
				A70BE6EE1D6AF60C003E3341 /* View */,
				CD0F77E71D4DD06A001BC4C9 /* Assets.xcassets */,
				CD0F77E91D4DD06A001BC4C9 /* LaunchScreen.storyboard */,
				CD0F77EC1D4DD06A001BC4C9 /* Info.plist */,
				CD0F77E41D4DD06A001BC4C9 /* SenYo.xcdatamodeld */,
				A723212B1D8F8BD60006E24C /* ImgeController.xcassets */,
			);
			path = SenYo;
			sourceTree = "<group>";
		};
		D63A8BC6C16BF0CB739B2DAC /* Frameworks */ = {
			isa = PBXGroup;
			children = (
				A7854E141D975094001B8AED /* ECSlidingViewController.framework */,
				A70131431D958B9600AC0AF0 /* SimpleAnimation.framework */,
				A72ACD341D957B1700CDEB96 /* SimpleAnimation.framework */,
				A7E05A551D9116D6007CD4B6 /* PureLayout.framework */,
				A7E05A531D9116CA007CD4B6 /* Alamofire.framework */,
				A7E05A511D9116C2007CD4B6 /* SwiftyJSON.framework */,
				EE7AB194F0416A0B3DCDA0EF /* Pods_SenYo.framework */,
			);
			name = Frameworks;
			sourceTree = "<group>";
		};
		E47DE8B065CE4A42EDEC3000 /* Pods */ = {
			isa = PBXGroup;
			children = (
				5FBEE8877B9BCCB3F31B11AB /* Pods-SenYo.debug.xcconfig */,
				EC8D4BEB86571599F0980A33 /* Pods-SenYo.release.xcconfig */,
			);
			name = Pods;
			sourceTree = "<group>";
		};
/* End PBXGroup section */

/* Begin PBXNativeTarget section */
		CD0F77D91D4DD069001BC4C9 /* SenYo */ = {
			isa = PBXNativeTarget;
			buildConfigurationList = CD0F77EF1D4DD06A001BC4C9 /* Build configuration list for PBXNativeTarget "SenYo" */;
			buildPhases = (
				B0179B8A37127F02DC0E27B2 /* [CP] Check Pods Manifest.lock */,
				CD0F77D61D4DD069001BC4C9 /* Sources */,
				CD0F77D71D4DD069001BC4C9 /* Frameworks */,
				CD0F77D81D4DD069001BC4C9 /* Resources */,
				31355E5B425236066E42D21F /* [CP] Embed Pods Frameworks */,
				727C7501C0E04973C02FCA95 /* [CP] Copy Pods Resources */,
			);
			buildRules = (
			);
			dependencies = (
			);
			name = SenYo;
			productName = SenYo;
			productReference = CD0F77DA1D4DD069001BC4C9 /* SenYo.app */;
			productType = "com.apple.product-type.application";
		};
/* End PBXNativeTarget section */

/* Begin PBXProject section */
		CD0F77D21D4DD069001BC4C9 /* Project object */ = {
			isa = PBXProject;
			attributes = {
				LastSwiftUpdateCheck = 0720;
				LastUpgradeCheck = 0720;
				ORGANIZATIONNAME = "takahashi akisato";
				TargetAttributes = {
					CD0F77D91D4DD069001BC4C9 = {
						CreatedOnToolsVersion = 7.2;
						DevelopmentTeam = 3QUT65E5ZA;
					};
				};
			};
			buildConfigurationList = CD0F77D51D4DD069001BC4C9 /* Build configuration list for PBXProject "SenYo" */;
			compatibilityVersion = "Xcode 3.2";
			developmentRegion = English;
			hasScannedForEncodings = 0;
			knownRegions = (
				en,
				Base,
			);
			mainGroup = CD0F77D11D4DD069001BC4C9;
			productRefGroup = CD0F77DB1D4DD069001BC4C9 /* Products */;
			projectDirPath = "";
			projectRoot = "";
			targets = (
				CD0F77D91D4DD069001BC4C9 /* SenYo */,
			);
		};
/* End PBXProject section */

/* Begin PBXResourcesBuildPhase section */
		CD0F77D81D4DD069001BC4C9 /* Resources */ = {
			isa = PBXResourcesBuildPhase;
			buildActionMask = 2147483647;
			files = (
				A723212C1D8F8BD60006E24C /* ImgeController.xcassets in Resources */,
				CD0F77EB1D4DD06A001BC4C9 /* LaunchScreen.storyboard in Resources */,
				CD0F77E81D4DD06A001BC4C9 /* Assets.xcassets in Resources */,
			);
			runOnlyForDeploymentPostprocessing = 0;
		};
/* End PBXResourcesBuildPhase section */

/* Begin PBXShellScriptBuildPhase section */
		31355E5B425236066E42D21F /* [CP] Embed Pods Frameworks */ = {
			isa = PBXShellScriptBuildPhase;
			buildActionMask = 2147483647;
			files = (
			);
			inputPaths = (
			);
			name = "[CP] Embed Pods Frameworks";
			outputPaths = (
			);
			runOnlyForDeploymentPostprocessing = 0;
			shellPath = /bin/sh;
			shellScript = "\"${SRCROOT}/Pods/Target Support Files/Pods-SenYo/Pods-SenYo-frameworks.sh\"\n";
			showEnvVarsInLog = 0;
		};
		727C7501C0E04973C02FCA95 /* [CP] Copy Pods Resources */ = {
			isa = PBXShellScriptBuildPhase;
			buildActionMask = 2147483647;
			files = (
			);
			inputPaths = (
			);
			name = "[CP] Copy Pods Resources";
			outputPaths = (
			);
			runOnlyForDeploymentPostprocessing = 0;
			shellPath = /bin/sh;
			shellScript = "\"${SRCROOT}/Pods/Target Support Files/Pods-SenYo/Pods-SenYo-resources.sh\"\n";
			showEnvVarsInLog = 0;
		};
		B0179B8A37127F02DC0E27B2 /* [CP] Check Pods Manifest.lock */ = {
			isa = PBXShellScriptBuildPhase;
			buildActionMask = 2147483647;
			files = (
			);
			inputPaths = (
			);
			name = "[CP] Check Pods Manifest.lock";
			outputPaths = (
			);
			runOnlyForDeploymentPostprocessing = 0;
			shellPath = /bin/sh;
			shellScript = "diff \"${PODS_ROOT}/../Podfile.lock\" \"${PODS_ROOT}/Manifest.lock\" > /dev/null\nif [[ $? != 0 ]] ; then\n    cat << EOM\nerror: The sandbox is not in sync with the Podfile.lock. Run 'pod install' or update your CocoaPods installation.\nEOM\n    exit 1\nfi\n";
			showEnvVarsInLog = 0;
		};
/* End PBXShellScriptBuildPhase section */

/* Begin PBXSourcesBuildPhase section */
		CD0F77D61D4DD069001BC4C9 /* Sources */ = {
			isa = PBXSourcesBuildPhase;
			buildActionMask = 2147483647;
			files = (
				CDA1F3451D717D76001C4336 /* LoginViewController.swift in Sources */,
				CDA1F3491D75DB8D001C4336 /* HomeView.swift in Sources */,
				CD0F77E01D4DD06A001BC4C9 /* ViewController.swift in Sources */,
				A733B0231D8E6C8200CDCB0F /* AccountMakeViewController.swift in Sources */,
				CDA1F34D1D75DE1B001C4336 /* NoticeView.swift in Sources */,
				CD0F77E61D4DD06A001BC4C9 /* SenYo.xcdatamodeld in Sources */,
				A768FAA31D76B08A004802A5 /* SettingViewController.swift in Sources */,
				A7854DFE1D96F473001B8AED /* MenuView.swift in Sources */,
				A768FAA91D79661A004802A5 /* NewsViewController.swift in Sources */,
				CDA1F3411D717C0B001C4336 /* LoginView.swift in Sources */,
				CDFA3E661D96EF38007C5173 /* UserModel.swift in Sources */,
				A768FAB31D7D3E23004802A5 /* MemberViewController.swift in Sources */,
				CD0F77DE1D4DD06A001BC4C9 /* AppDelegate.swift in Sources */,
				CDFA3E731D9775C0007C5173 /* GroupMenuView.swift in Sources */,
				CDA1F34B1D75DDD9001C4336 /* NoticeViewController.swift in Sources */,
				A768FAA71D7963DD004802A5 /* NewsView.swift in Sources */,
				CDFA3E621D96EEE1007C5173 /* MyModel.swift in Sources */,
				A768FAA51D76B131004802A5 /* SettingView.swift in Sources */,
				A768FAAD1D7B0F91004802A5 /* MakeGroupViewController.swift in Sources */,
				A768FAAB1D7B0DD8004802A5 /* MakeGroupView.swift in Sources */,
				CDFA3E711D97755A007C5173 /* GroupMenuViewController.swift in Sources */,
				A7A4F8021D8BEDC4006EB1BE /* Aspect.swift in Sources */,
				A768FAB11D7D37AE004802A5 /* MemberView.swift in Sources */,
				CDA1F3471D75DB5A001C4336 /* HomeViewController.swift in Sources */,
				A7854E011D970593001B8AED /* GroupView.swift in Sources */,
				A733B0211D8E6A8300CDCB0F /* AccountMakeView.swift in Sources */,
			);
			runOnlyForDeploymentPostprocessing = 0;
		};
/* End PBXSourcesBuildPhase section */

/* Begin PBXVariantGroup section */
		CD0F77E91D4DD06A001BC4C9 /* LaunchScreen.storyboard */ = {
			isa = PBXVariantGroup;
			children = (
				CD0F77EA1D4DD06A001BC4C9 /* Base */,
			);
			name = LaunchScreen.storyboard;
			sourceTree = "<group>";
		};
/* End PBXVariantGroup section */

/* Begin XCBuildConfiguration section */
		CD0F77ED1D4DD06A001BC4C9 /* Debug */ = {
			isa = XCBuildConfiguration;
			buildSettings = {
				ALWAYS_SEARCH_USER_PATHS = NO;
				CLANG_CXX_LANGUAGE_STANDARD = "gnu++0x";
				CLANG_CXX_LIBRARY = "libc++";
				CLANG_ENABLE_MODULES = YES;
				CLANG_ENABLE_OBJC_ARC = YES;
				CLANG_WARN_BOOL_CONVERSION = YES;
				CLANG_WARN_CONSTANT_CONVERSION = YES;
				CLANG_WARN_DIRECT_OBJC_ISA_USAGE = YES_ERROR;
				CLANG_WARN_EMPTY_BODY = YES;
				CLANG_WARN_ENUM_CONVERSION = YES;
				CLANG_WARN_INT_CONVERSION = YES;
				CLANG_WARN_OBJC_ROOT_CLASS = YES_ERROR;
				CLANG_WARN_UNREACHABLE_CODE = YES;
				CLANG_WARN__DUPLICATE_METHOD_MATCH = YES;
				"CODE_SIGN_IDENTITY[sdk=iphoneos*]" = "iPhone Developer";
				COPY_PHASE_STRIP = NO;
				DEBUG_INFORMATION_FORMAT = dwarf;
				ENABLE_STRICT_OBJC_MSGSEND = YES;
				ENABLE_TESTABILITY = YES;
				GCC_C_LANGUAGE_STANDARD = gnu99;
				GCC_DYNAMIC_NO_PIC = NO;
				GCC_NO_COMMON_BLOCKS = YES;
				GCC_OPTIMIZATION_LEVEL = 0;
				GCC_PREPROCESSOR_DEFINITIONS = (
					"DEBUG=1",
					"$(inherited)",
				);
				GCC_WARN_64_TO_32_BIT_CONVERSION = YES;
				GCC_WARN_ABOUT_RETURN_TYPE = YES_ERROR;
				GCC_WARN_UNDECLARED_SELECTOR = YES;
				GCC_WARN_UNINITIALIZED_AUTOS = YES_AGGRESSIVE;
				GCC_WARN_UNUSED_FUNCTION = YES;
				GCC_WARN_UNUSED_VARIABLE = YES;
				IPHONEOS_DEPLOYMENT_TARGET = 9.2;
				MTL_ENABLE_DEBUG_INFO = YES;
				ONLY_ACTIVE_ARCH = YES;
				SDKROOT = iphoneos;
				SWIFT_OPTIMIZATION_LEVEL = "-Onone";
			};
			name = Debug;
		};
		CD0F77EE1D4DD06A001BC4C9 /* Release */ = {
			isa = XCBuildConfiguration;
			buildSettings = {
				ALWAYS_SEARCH_USER_PATHS = NO;
				CLANG_CXX_LANGUAGE_STANDARD = "gnu++0x";
				CLANG_CXX_LIBRARY = "libc++";
				CLANG_ENABLE_MODULES = YES;
				CLANG_ENABLE_OBJC_ARC = YES;
				CLANG_WARN_BOOL_CONVERSION = YES;
				CLANG_WARN_CONSTANT_CONVERSION = YES;
				CLANG_WARN_DIRECT_OBJC_ISA_USAGE = YES_ERROR;
				CLANG_WARN_EMPTY_BODY = YES;
				CLANG_WARN_ENUM_CONVERSION = YES;
				CLANG_WARN_INT_CONVERSION = YES;
				CLANG_WARN_OBJC_ROOT_CLASS = YES_ERROR;
				CLANG_WARN_UNREACHABLE_CODE = YES;
				CLANG_WARN__DUPLICATE_METHOD_MATCH = YES;
				"CODE_SIGN_IDENTITY[sdk=iphoneos*]" = "iPhone Developer";
				COPY_PHASE_STRIP = NO;
				DEBUG_INFORMATION_FORMAT = "dwarf-with-dsym";
				ENABLE_NS_ASSERTIONS = NO;
				ENABLE_STRICT_OBJC_MSGSEND = YES;
				GCC_C_LANGUAGE_STANDARD = gnu99;
				GCC_NO_COMMON_BLOCKS = YES;
				GCC_WARN_64_TO_32_BIT_CONVERSION = YES;
				GCC_WARN_ABOUT_RETURN_TYPE = YES_ERROR;
				GCC_WARN_UNDECLARED_SELECTOR = YES;
				GCC_WARN_UNINITIALIZED_AUTOS = YES_AGGRESSIVE;
				GCC_WARN_UNUSED_FUNCTION = YES;
				GCC_WARN_UNUSED_VARIABLE = YES;
				IPHONEOS_DEPLOYMENT_TARGET = 9.2;
				MTL_ENABLE_DEBUG_INFO = NO;
				SDKROOT = iphoneos;
				VALIDATE_PRODUCT = YES;
			};
			name = Release;
		};
		CD0F77F01D4DD06A001BC4C9 /* Debug */ = {
			isa = XCBuildConfiguration;
			baseConfigurationReference = 5FBEE8877B9BCCB3F31B11AB /* Pods-SenYo.debug.xcconfig */;
			buildSettings = {
				ASSETCATALOG_COMPILER_APPICON_NAME = AppIcon;
				CODE_SIGN_IDENTITY = "iPhone Developer";
				"CODE_SIGN_IDENTITY[sdk=iphoneos*]" = "iPhone Developer";
				FRAMEWORK_SEARCH_PATHS = (
					"$(inherited)",
					"$(PROJECT_DIR)/build/Debug-iphoneos",
				);
				INFOPLIST_FILE = SenYo/Info.plist;
				IPHONEOS_DEPLOYMENT_TARGET = 9.1;
				LD_RUNPATH_SEARCH_PATHS = "$(inherited) @executable_path/Frameworks";
				PRODUCT_BUNDLE_IDENTIFIER = self.edu.SenYo;
				PRODUCT_NAME = "$(TARGET_NAME)";
				PROVISIONING_PROFILE = "";
			};
			name = Debug;
		};
		CD0F77F11D4DD06A001BC4C9 /* Release */ = {
			isa = XCBuildConfiguration;
			baseConfigurationReference = EC8D4BEB86571599F0980A33 /* Pods-SenYo.release.xcconfig */;
			buildSettings = {
				ASSETCATALOG_COMPILER_APPICON_NAME = AppIcon;
				CODE_SIGN_IDENTITY = "iPhone Developer";
				"CODE_SIGN_IDENTITY[sdk=iphoneos*]" = "iPhone Developer";
				FRAMEWORK_SEARCH_PATHS = (
					"$(inherited)",
					"$(PROJECT_DIR)/build/Debug-iphoneos",
				);
				INFOPLIST_FILE = SenYo/Info.plist;
				IPHONEOS_DEPLOYMENT_TARGET = 9.1;
				LD_RUNPATH_SEARCH_PATHS = "$(inherited) @executable_path/Frameworks";
				PRODUCT_BUNDLE_IDENTIFIER = self.edu.SenYo;
				PRODUCT_NAME = "$(TARGET_NAME)";
				PROVISIONING_PROFILE = "";
			};
			name = Release;
		};
/* End XCBuildConfiguration section */

/* Begin XCConfigurationList section */
		CD0F77D51D4DD069001BC4C9 /* Build configuration list for PBXProject "SenYo" */ = {
			isa = XCConfigurationList;
			buildConfigurations = (
				CD0F77ED1D4DD06A001BC4C9 /* Debug */,
				CD0F77EE1D4DD06A001BC4C9 /* Release */,
			);
			defaultConfigurationIsVisible = 0;
			defaultConfigurationName = Release;
		};
		CD0F77EF1D4DD06A001BC4C9 /* Build configuration list for PBXNativeTarget "SenYo" */ = {
			isa = XCConfigurationList;
			buildConfigurations = (
				CD0F77F01D4DD06A001BC4C9 /* Debug */,
				CD0F77F11D4DD06A001BC4C9 /* Release */,
			);
			defaultConfigurationIsVisible = 0;
			defaultConfigurationName = Release;
		};
/* End XCConfigurationList section */

/* Begin XCVersionGroup section */
		CD0F77E41D4DD06A001BC4C9 /* SenYo.xcdatamodeld */ = {
			isa = XCVersionGroup;
			children = (
				CD0F77E51D4DD06A001BC4C9 /* SenYo.xcdatamodel */,
			);
			currentVersion = CD0F77E51D4DD06A001BC4C9 /* SenYo.xcdatamodel */;
			path = SenYo.xcdatamodeld;
			sourceTree = "<group>";
			versionGroupType = wrapper.xcdatamodel;
		};
/* End XCVersionGroup section */
	};
	rootObject = CD0F77D21D4DD069001BC4C9 /* Project object */;
}
